<?xml version="1.0" encoding="utf-8"?>
<Project ToolsVersion="4.0" xmlns="http://schemas.microsoft.com/developer/msbuild/2003">
  <ItemGroup>
    <Filter Include="Source Files">
      <UniqueIdentifier>{4FC737F1-C7A5-4376-A066-2A32D752A2FF}</UniqueIdentifier>
      <Extensions>cpp;c;cc;cxx;def;odl;idl;hpj;bat;asm;asmx</Extensions>
    </Filter>
    <Filter Include="Header Files">
      <UniqueIdentifier>{93995380-89BD-4b04-88EB-625FBE52EBFB}</UniqueIdentifier>
      <Extensions>h;hh;hpp;hxx;hm;inl;inc;ipp;xsd</Extensions>
    </Filter>
    <Filter Include="Resource Files">
      <UniqueIdentifier>{67DA6AB6-F800-4c08-8B7A-83BB121AAD01}</UniqueIdentifier>
      <Extensions>rc;ico;cur;bmp;dlg;rc2;rct;bin;rgs;gif;jpg;jpeg;jpe;resx;tiff;tif;png;wav;mfcribbon-ms</Extensions>
    </Filter>
    <Filter Include="Notes">
      <UniqueIdentifier>{eff48c4f-c2fd-484d-943a-4699578f8899}</UniqueIdentifier>
    </Filter>
    <Filter Include="Test">
      <UniqueIdentifier>{8541b59f-b3e8-40df-b821-90b146ec6b4e}</UniqueIdentifier>
    </Filter>
    <Filter Include="Devices">
      <UniqueIdentifier>{1169c53e-872b-4238-b843-6be0a992ec79}</UniqueIdentifier>
    </Filter>
    <Filter Include="Managers">
      <UniqueIdentifier>{9edfbc89-063c-4ed5-8a8b-8fdfda2b0adb}</UniqueIdentifier>
    </Filter>
  </ItemGroup>
  <ItemGroup>
    <ClCompile Include="CommandHandler.cpp">
      <Filter>Source Files</Filter>
    </ClCompile>
    <ClCompile Include="main.cpp">
      <Filter>Source Files</Filter>
    </ClCompile>
    <ClCompile Include="TestPropertyTree.cpp">
      <Filter>Test</Filter>
    </ClCompile>
    <ClCompile Include="ClockBase.cpp">
      <Filter>Devices</Filter>
    </ClCompile>
    <ClCompile Include="DeviceBase.cpp">
      <Filter>Devices</Filter>
    </ClCompile>
    <ClCompile Include="StopWatch.cpp">
      <Filter>Devices</Filter>
    </ClCompile>
    <ClCompile Include="Timer.cpp">
      <Filter>Devices</Filter>
    </ClCompile>
    <ClCompile Include="DeviceManager.cpp">
      <Filter>Managers</Filter>
    </ClCompile>
    <ClCompile Include="StopWatchManager.cpp">
      <Filter>Managers</Filter>
    </ClCompile>
    <ClCompile Include="TimerManager.cpp">
      <Filter>Managers</Filter>
    </ClCompile>
    <ClCompile Include="TestTimerManager.cpp">
      <Filter>Test</Filter>
    </ClCompile>
    <ClCompile Include="FileManager.cpp">
      <Filter>Managers</Filter>
    </ClCompile>
  </ItemGroup>
  <ItemGroup>
    <ClInclude Include="CommandHandler.h">
      <Filter>Header Files</Filter>
    </ClInclude>
    <ClInclude Include="TestPropertyTree.h">
      <Filter>Test</Filter>
    </ClInclude>
    <ClInclude Include="ClockBase.h">
      <Filter>Devices</Filter>
    </ClInclude>
    <ClInclude Include="DeviceBase.h">
      <Filter>Devices</Filter>
    </ClInclude>
    <ClInclude Include="StopWatch.h">
      <Filter>Devices</Filter>
    </ClInclude>
    <ClInclude Include="Timer.h">
      <Filter>Devices</Filter>
    </ClInclude>
    <ClInclude Include="DeviceManager.h">
      <Filter>Managers</Filter>
    </ClInclude>
    <ClInclude Include="StopWatchManager.h">
      <Filter>Managers</Filter>
    </ClInclude>
    <ClInclude Include="TimerManager.h">
      <Filter>Managers</Filter>
    </ClInclude>
    <ClInclude Include="TestTimerManager.h">
      <Filter>Test</Filter>
    </ClInclude>
    <ClInclude Include="FileManager.h">
      <Filter>Managers</Filter>
    </ClInclude>
  </ItemGroup>
  <ItemGroup>
    <Text Include="CommandExamples.txt">
      <Filter>Notes</Filter>
    </Text>
    <Text Include="FeaturesAndVersions.txt">
      <Filter>Notes</Filter>
    </Text>
    <Text Include="TrashBin.txt">
      <Filter>Notes</Filter>
    </Text>
    <Text Include="DesignDetails.txt">
      <Filter>Notes</Filter>
    </Text>
    <Text Include="PropertyTree.txt">
      <Filter>Notes</Filter>
    </Text>
  </ItemGroup>
</Project>